
Microsoft Visual Studio Solution File, Format Version 12.00
# Visual Studio Version 16
VisualStudioVersion = 16.0.31515.178
MinimumVisualStudioVersion = 10.0.40219.1
Project("{FAE04EC0-301F-11D3-BF4B-00C04F79EFBC}") = "MaoNaMassa", "MaoNaMassa\MaoNaMassa.csproj", "{DD18E598-9472-48BC-A8A5-DCFAE6B884D6}"
EndProject
Global
	GlobalSection(SolutionConfigurationPlatforms) = preSolution
		Debug|Any CPU = Debug|Any CPU
		Release|Any CPU = Release|Any CPU
	EndGlobalSection
	GlobalSection(ProjectConfigurationPlatforms) = postSolution
		{DD18E598-9472-48BC-A8A5-DCFAE6B884D6}.Debug|Any CPU.ActiveCfg = Debug|Any CPU
		{DD18E598-9472-48BC-A8A5-DCFAE6B884D6}.Debug|Any CPU.Build.0 = Debug|Any CPU
		{DD18E598-9472-48BC-A8A5-DCFAE6B884D6}.Release|Any CPU.ActiveCfg = Release|Any CPU
		{DD18E598-9472-48BC-A8A5-DCFAE6B884D6}.Release|Any CPU.Build.0 = Release|Any CPU
	EndGlobalSection
	GlobalSection(SolutionProperties) = preSolution
		HideSolutionNode = FALSE
	EndGlobalSection
	GlobalSection(ExtensibilityGlobals) = postSolution
		SolutionGuid = {6612188E-45C2-428E-83F3-F713D3A7302B}
	EndGlobalSection
EndGlobal
